{
  "lockfile_version": "1",
  "packages": {
    "awscli2@latest": {
      "last_modified": "2026-08-27T07:16:00Z",
      "resolved": "github:NixOS/nixpkgs/c27cdad491a991b11ed731760aa2ef8db0cb0410#awscli2",
      "source": "devbox-search",
      "version": "2.35.11",
      "systems": {
        "aarch64-darwin": {
          "outputs": [
            {
              "name": "out",
              "path": "/nix/store/c7spfvdqx0pncpna86a0mr4gbijypafj-awscli2-2.35.11",
              "default": true
            },
            {
              "name": "dist",
              "path": "/nix/store/0fpbgg1lbnbvp86frya5gflxmw8llcgl-awscli2-2.35.11-dist"
            }
          ],
          "store_path": "/nix/store/c7spfvdqx0pncpna86a0mr4gbijypafj-awscli2-2.35.11"
        },
        "aarch64-linux": {
          "outputs": [
            {
              "name": "out",
              "path": "/nix/store/p2wk9123jdj2r54hs4ww98xz4977i45k-awscli2-2.35.11",
              "default": true
            },
            {
              "name": "dist",
              "path": "/nix/store/k8hsh6lx774578fxq37prw6vh984srpa-awscli2-2.35.11-dist"
            }
          ],
          "store_path": "/nix/store/p2wk9123jdj2r54hs4ww98xz4977i45k-awscli2-2.35.11"
        },
        "x86_64-linux": {
          "outputs": [
            {
              "name": "out",
              "path": "/nix/store/f7cmpy9nszykh5gfjpxh5ks3pa78nssr-awscli2-2.35.11",
              "default": true
            },
            {
              "name": "dist",
              "path": "/nix/store/nbppn3jrc8h7gp9yc4w7vs7l7d0r3lx1-awscli2-2.35.11-dist"
            }
          ],
          "store_path": "/nix/store/f7cmpy9nszykh5gfjpxh5ks3pa78nssr-awscli2-2.35.11"
        }
      }
    },
    "github:NixOS/nixpkgs/nixpkgs-unstable": {
      "last_modified": "2026-09-18T09:35:58Z",
      "resolved": "github:NixOS/nixpkgs/0a3468a402c449992505b6a9fc5b06580141b750?lastModified=1789724158&narHash=sha256-nlKgrm0dsVhOSopKheVBCcOpiIticufPPVLdVOI0euA%3D"
    },
    "go@1.26": {
      "last_modified": "2026-08-27T07:16:00Z",
      "resolved": "github:NixOS/nixpkgs/c27cdad491a991b11ed731760aa2ef8db0cb0410#go",
      "source": "devbox-search",
      "version": "1.26.7",
      "systems": {
        "aarch64-darwin": {
          "outputs": [
            {
              "name": "out",
              "path": "/nix/store/jdgrfinlrf89z3wdfa6ipr1chpny5v11-go-1.26.7",
              "default": true
            }
          ],
          "store_path": "/nix/store/jdgrfinlrf89z3wdfa6ipr1chpny5v11-go-1.26.7"
        },
        "aarch64-linux": {
          "outputs": [
            {
              "name": "out",
              "path": "/nix/store/zbm0p3qbd92i7gj78rxajka9yvdrin7p-go-1.26.7",
              "default": true
            }
          ],
          "store_path": "/nix/store/zbm0p3qbd92i7gj78rxajka9yvdrin7p-go-1.26.7"
        },
        "x86_64-linux": {
          "outputs": [
            {
              "name": "out",
              "path": "/nix/store/i77g9dmcd399rmxk8688qfr4g2wzgk37-go-1.26.7",
              "default": true
            }
          ],
          "store_path": "/nix/store/i77g9dmcd399rmxk8688qfr4g2wzgk37-go-1.26.7"
        }
      }
    },
    "golangci-lint@latest": {
      "last_modified": "2026-08-27T07:16:00Z",
      "resolved": "github:NixOS/nixpkgs/c27cdad491a991b11ed731760aa2ef8db0cb0410#golangci-lint",
      "source": "devbox-search",
      "version": "2.13.1",
      "systems": {
        "aarch64-darwin": {
          "outputs": [
            {
              "name": "out",
              "path": "/nix/store/vyl94dsc8a2vfpx0h9hs3ls3w9hfcyfa-golangci-lint-2.13.1",
              "default": true
            }
          ],
          "store_path": "/nix/store/vyl94dsc8a2vfpx0h9hs3ls3w9hfcyfa-golangci-lint-2.13.1"
        },
        "aarch64-linux": {
          "outputs": [
            {
              "name": "out",
              "path": "/nix/store/zg1nnbiiaiq65v0h4b22hqlqpqa8ja0j-golangci-lint-2.13.1",
              "default": true
            }
          ],
          "store_path": "/nix/store/zg1nnbiiaiq65v0h4b22hqlqpqa8ja0j-golangci-lint-2.13.1"
        },
        "x86_64-linux": {
          "outputs": [
            {
              "name": "out",
              "path": "/nix/store/sqm80s7p5kx9j4ia19rw3jy41ajx1v73-golangci-lint-2.13.1",
              "default": true
            }
          ],
          "store_path": "/nix/store/sqm80s7p5kx9j4ia19rw3jy41ajx1v73-golangci-lint-2.13.1"
        }
      }
    },
    "jdk17@latest": {
      "last_modified": "2025-10-22T20:59:19Z",
      "resolved": "github:NixOS/nixpkgs/01b6809f7f9d1183a2b3e081f0a1e6f8f415cb09#jdk17",
      "source": "devbox-search",
      "version": "17.0.12",
      "systems": {
        "aarch64-darwin": {
          "outputs": [
            {
              "name": "out",
              "path": "/nix/store/hlm8a8cnp4hm8xkg0a2yy4kv7cq44jii-zulu-ca-jdk-17.0.12",
              "default": true
            }
          ],
          "store_path": "/nix/store/hlm8a8cnp4hm8xkg0a2yy4kv7cq44jii-zulu-ca-jdk-17.0.12"
        },
        "x86_64-darwin": {
          "outputs": [
            {
              "name": "out",
              "path": "/nix/store/i4zgq9685y6284hbf5a7ac9ysb88dvlz-zulu-ca-jdk-17.0.12",
              "default": true
            }
          ],
          "store_path": "/nix/store/i4zgq9685y6284hbf5a7ac9ysb88dvlz-zulu-ca-jdk-17.0.12"
        }
      }
    },
    "kind@latest": {
      "last_modified": "2026-08-27T07:16:00Z",
      "resolved": "github:NixOS/nixpkgs/c27cdad491a991b11ed731760aa2ef8db0cb0410#kind",
      "source": "devbox-search",
      "version": "0.32.0",
      "systems": {
        "aarch64-darwin": {
          "outputs": [
            {
              "name": "out",
              "path": "/nix/store/jzvzpvkccqz0lsqlnvm74cf8kyl66m6k-kind-0.32.0",
              "default": true
            }
          ],
          "store_path": "/nix/store/jzvzpvkccqz0lsqlnvm74cf8kyl66m6k-kind-0.32.0"
        },
        "aarch64-linux": {
          "outputs": [
            {
              "name": "out",
              "path": "/nix/store/l4k5xwn2j8r5pazgky3k1467iwygphrf-kind-0.32.0",
              "default": true
            }
          ],
          "store_path": "/nix/store/l4k5xwn2j8r5pazgky3k1467iwygphrf-kind-0.32.0"
        },
        "x86_64-linux": {
          "outputs": [
            {
              "name": "out",
              "path": "/nix/store/8h2y0wx7cv9iax5rzkyjl07a494qxygl-kind-0.32.0",
              "default": true
            }
          ],
          "store_path": "/nix/store/8h2y0wx7cv9iax5rzkyjl07a494qxygl-kind-0.32.0"
        }
      }
    },
    "kubectl@latest": {
      "last_modified": "2026-08-27T07:16:00Z",
      "resolved": "github:NixOS/nixpkgs/c27cdad491a991b11ed731760aa2ef8db0cb0410#kubectl",
      "source": "devbox-search",
      "version": "1.36.3",
      "systems": {
        "aarch64-darwin": {
          "outputs": [
            {
              "name": "out",
              "path": "/nix/store/4ly3f60sf2y8lx4ad4nlv4d4xzm49cai-kubectl-1.36.3",
              "default": true
            },
            {
              "name": "man",
              "path": "/nix/store/j4lcjil024kv6xli1y03whn4rv1x1ifv-kubectl-1.36.3-man",
              "default": true
            },
            {
              "name": "convert",
              "path": "/nix/store/rq7cbnikbk7khmqczsglknfhfgykwkbf-kubectl-1.36.3-convert"
            }
          ],
          "store_path": "/nix/store/4ly3f60sf2y8lx4ad4nlv4d4xzm49cai-kubectl-1.36.3"
        },
        "aarch64-linux": {
          "outputs": [
            {
              "name": "out",
              "path": "/nix/store/pxr2n9hcw5r5c9pbyqhangbwvc3yv8yw-kubectl-1.36.3",
              "default": true
            },
            {
              "name": "man",
              "path": "/nix/store/n9ya3i139xw7jcb3x44b1lmwswilfwxk-kubectl-1.36.3-man",
              "default": true
            },
            {
              "name": "convert",
              "path": "/nix/store/6xj3wx8zkh4nj0dfg14v6cmbpaxqrzz7-kubectl-1.36.3-convert"
            }
          ],
          "store_path": "/nix/store/pxr2n9hcw5r5c9pbyqhangbwvc3yv8yw-kubectl-1.36.3"
        },
        "x86_64-linux": {
          "outputs": [
            {
              "name": "out",
              "path": "/nix/store/s28gqkd497rb4bvm56w72jyarqgmhlzz-kubectl-1.36.3",
              "default": true
            },
            {
              "name": "man",
              "path": "/nix/store/kxhnlzm663cpz4pbd7wkq4n73578ak4z-kubectl-1.36.3-man",
              "default": true
            },
            {
              "name": "convert",
              "path": "/nix/store/szx0vjljdh6rp8nxwdnpkz7g4fvvnk9h-kubectl-1.36.3-convert"
            }
          ],
          "store_path": "/nix/store/s28gqkd497rb4bvm56w72jyarqgmhlzz-kubectl-1.36.3"
        }
      }
    },
    "nodejs@22": {
      "last_modified": "2026-08-27T07:16:00Z",
      "plugin_version": "0.0.2",
      "resolved": "github:NixOS/nixpkgs/c27cdad491a991b11ed731760aa2ef8db0cb0410#nodejs_22",
      "source": "devbox-search",
      "version": "22.23.2",
      "systems": {
        "aarch64-darwin": {
          "outputs": [
            {
              "name": "out",
              "path": "/nix/store/6hbiyfa4gzcjr6bnr440nnwznlsaldlc-nodejs-22.23.2",
              "default": true
            }
          ],
          "store_path": "/nix/store/6hbiyfa4gzcjr6bnr440nnwznlsaldlc-nodejs-22.23.2"
        },
        "aarch64-linux": {
          "outputs": [
            {
              "name": "out",
              "path": "/nix/store/v6xnbaql2wc91k13xcfhr60r52ich6bw-nodejs-22.23.2",
              "default": true
            }
          ],
          "store_path": "/nix/store/v6xnbaql2wc91k13xcfhr60r52ich6bw-nodejs-22.23.2"
        },
        "x86_64-linux": {
          "outputs": [
            {
              "name": "out",
              "path": "/nix/store/gf597zf0ysgbngwb92baxgxjd02px6jh-nodejs-22.23.2",
              "default": true
            }
          ],
          "store_path": "/nix/store/gf597zf0ysgbngwb92baxgxjd02px6jh-nodejs-22.23.2"
        }
      }
    },
    "quint@0.32.0": {
      "last_modified": "2026-08-27T07:16:00Z",
      "resolved": "github:NixOS/nixpkgs/c27cdad491a991b11ed731760aa2ef8db0cb0410#quint",
      "source": "devbox-search",
      "version": "0.32.0",
      "systems": {
        "aarch64-darwin": {
          "outputs": [
            {
              "name": "out",
              "path": "/nix/store/cma2isc46lrmfp65s0jg8z57gjvpzn6f-quint-0.32.0",
              "default": true
            }
          ],
          "store_path": "/nix/store/cma2isc46lrmfp65s0jg8z57gjvpzn6f-quint-0.32.0"
        },
        "aarch64-linux": {
          "outputs": [
            {
              "name": "out",
              "path": "/nix/store/1c2j7hz74lrnx5p66j5mzv45b4wcahcv-quint-0.32.0",
              "default": true
            }
          ],
          "store_path": "/nix/store/1c2j7hz74lrnx5p66j5mzv45b4wcahcv-quint-0.32.0"
        },
        "x86_64-darwin": {
          "outputs": [
            {
              "name": "out",
              "path": "/nix/store/na3qgjrspkjyrgixvc4zc0ccsk37nrlw-quint-0.32.0",
              "default": true
            }
          ],
          "store_path": "/nix/store/na3qgjrspkjyrgixvc4zc0ccsk37nrlw-quint-0.32.0"
        },
        "x86_64-linux": {
          "outputs": [
            {
              "name": "out",
              "path": "/nix/store/s90yin0j1q75gr8iyr11qxqzbjdssv25-quint-0.32.0",
              "default": true
            }
          ],
          "store_path": "/nix/store/s90yin0j1q75gr8iyr11qxqzbjdssv25-quint-0.32.0"
        }
      }
    },
    "rustup@latest": {
      "last_modified": "2026-08-27T07:16:00Z",
      "plugin_version": "0.0.1",
      "resolved": "github:NixOS/nixpkgs/c27cdad491a991b11ed731760aa2ef8db0cb0410#rustup",
      "source": "devbox-search",
      "version": "1.29.0",
      "systems": {
        "aarch64-darwin": {
          "outputs": [
            {
              "name": "out",
              "path": "/nix/store/1x8jzaxfv0bak76xkr5li258cal51n99-rustup-1.29.0",
              "default": true
            }
          ],
          "store_path": "/nix/store/1x8jzaxfv0bak76xkr5li258cal51n99-rustup-1.29.0"
        },
        "aarch64-linux": {
          "outputs": [
            {
              "name": "out",
              "path": "/nix/store/iwq43bwclkay14x5x5bfj955ffphaqff-rustup-1.29.0",
              "default": true
            }
          ],
          "store_path": "/nix/store/iwq43bwclkay14x5x5bfj955ffphaqff-rustup-1.29.0"
        },
        "x86_64-darwin": {
          "outputs": [
            {
              "name": "out",
              "path": "/nix/store/lvm2155pfw1b3a9g8cij5g7vx2dk4v9f-rustup-1.29.0",
              "default": true
            }
          ],
          "store_path": "/nix/store/lvm2155pfw1b3a9g8cij5g7vx2dk4v9f-rustup-1.29.0"
        },
        "x86_64-linux": {
          "outputs": [
            {
              "name": "out",
              "path": "/nix/store/cdgc1rh9s22n5i5cgr96vda0pjx1xg3x-rustup-1.29.0",
              "default": true
            }
          ],
          "store_path": "/nix/store/cdgc1rh9s22n5i5cgr96vda0pjx1xg3x-rustup-1.29.0"
        }
      }
    },
    "util-linux@latest": {
      "last_modified": "2026-08-29T00:50:12Z",
      "resolved": "github:NixOS/nixpkgs/e8be7818e19ada32105a8af937a6a473b38167ca#util-linux",
      "source": "devbox-search",
      "version": "2.42.2",
      "systems": {
        "aarch64-darwin": {
          "outputs": [
            {
              "name": "bin",
              "path": "/nix/store/4xkmngqwf5l9b8zgcgh0f530z3xxbbzc-util-linux-2.42.2-bin",
              "default": true
            },
            {
              "name": "man",
              "path": "/nix/store/2s2zyi691jw2xk21l8bzmlxr59bliajk-util-linux-2.42.2-man",
              "default": true
            },
            {
              "name": "dev",
              "path": "/nix/store/808r669skdsn4lzqjcks0mv8bssbvv7z-util-linux-2.42.2-dev"
            },
            {
              "name": "lib",
              "path": "/nix/store/1xys7ix6gkiyg20j4a8nvvzizz73ashb-util-linux-2.42.2-lib"
            },
            {
              "name": "login",
              "path": "/nix/store/hwwpnzgn1z1n2js9vyggssrip3vd6g6g-util-linux-2.42.2-login"
            },
            {
              "name": "out",
              "path": "/nix/store/8w9vmaz7mhr98090c6fa2vy6radl7psq-util-linux-2.42.2"
            }
          ],
          "store_path": "/nix/store/4xkmngqwf5l9b8zgcgh0f530z3xxbbzc-util-linux-2.42.2-bin"
        },
        "aarch64-linux": {
          "outputs": [
            {
              "name": "bin",
              "path": "/nix/store/c2467894gahq8sa0f1djqf23mg3ghbbs-util-linux-2.42.2-bin",
              "default": true
            },
            {
              "name": "man",
              "path": "/nix/store/bxiw09fpb1mz0f64gmcca5fmcyyj4vrn-util-linux-2.42.2-man",
              "default": true
            },
            {
              "name": "dev",
              "path": "/nix/store/gaz2bshma1hbfvf8hp7aa82xgm9pas8s-util-linux-2.42.2-dev"
            },
            {
              "name": "lib",
              "path": "/nix/store/13ppwypmifm320nyix6qpzrsxg6yjcp3-util-linux-2.42.2-lib"
            },
            {
              "name": "mount",
              "path": "/nix/store/n5cpvyabyka4yf3p9dj005ydhg440nl1-util-linux-2.42.2-mount"
            },
            {
              "name": "out",
              "path": "/nix/store/mmvanwx13zyky56fqx0v6c3zr1wh9sdl-util-linux-2.42.2"
            },
            {
              "name": "swap",
              "path": "/nix/store/165zyvz051icsp51miiqig1myf168qi3-util-linux-2.42.2-swap"
            },
            {
              "name": "debug",
              "path": "/nix/store/f9s6p0drv9va7xk0q4jzb7y1hd9n96wh-util-linux-2.42.2-debug"
            },
            {
              "name": "lastlog",
              "path": "/nix/store/9y6nyldi9yg1pzbspc300vpq1grpkvc6-util-linux-2.42.2-lastlog"
            },
            {
              "name": "login",
              "path": "/nix/store/df08wb7r23zm6r1c3vrayddb2sj7kimp-util-linux-2.42.2-login"
            }
          ],
          "store_path": "/nix/store/c2467894gahq8sa0f1djqf23mg3ghbbs-util-linux-2.42.2-bin"
        },
        "x86_64-linux": {
          "outputs": [
            {
              "name": "bin",
              "path": "/nix/store/zwv3i1aawb8zmxj029x7lyd0an5q4nj6-util-linux-2.42.2-bin",
              "default": true
            },
            {
              "name": "man",
              "path": "/nix/store/s6glfxnfja5a2kb1rv2ln2qyppiyy19k-util-linux-2.42.2-man",
              "default": true
            },
            {
              "name": "debug",
              "path": "/nix/store/1pd3dq0bc1sgkj9p13lgns5d2kvbhlsh-util-linux-2.42.2-debug"
            },
            {
              "name": "dev",
              "path": "/nix/store/jbabbms2wag2gp01ilzwjka1j1danq3g-util-linux-2.42.2-dev"
            },
            {
              "name": "lastlog",
              "path": "/nix/store/rm1pxpky3hd09wa7aa8w4yfa19141sl5-util-linux-2.42.2-lastlog"
            },
            {
              "name": "out",
              "path": "/nix/store/ydr5qvcdq2ahmik8n636k6ryss117zpk-util-linux-2.42.2"
            },
            {
              "name": "lib",
              "path": "/nix/store/rkdfqfbwyiwg2pgvw7rkd0g71b702s4l-util-linux-2.42.2-lib"
            },
            {
              "name": "login",
              "path": "/nix/store/cnlcnkrhd3h67g92jhxij3w864ynhi6n-util-linux-2.42.2-login"
            },
            {
              "name": "mount",
              "path": "/nix/store/7x021x160xhywqya2vwigp49ax8hzgv4-util-linux-2.42.2-mount"
            },
            {
              "name": "swap",
              "path": "/nix/store/zygwm8dln4ck42wc90gzc668jbrhdvpz-util-linux-2.42.2-swap"
            }
          ],
          "store_path": "/nix/store/zwv3i1aawb8zmxj029x7lyd0an5q4nj6-util-linux-2.42.2-bin"
        }
      }
    }
  }
}
